dependencies:
- name: presidio
  repository: file://../../presidio/helm
  version: 0.2.3
- name: weaviate
  repository: https://weaviate.github.io/weaviate-helm
  version: 17.6.1
- name: embeddings
  repository: file://../../embeddings/helm
  version: 0.1.0
digest: sha256:089a6e4809ec329df29eb8d518c4f864c8b9a4932772659d185624ba8d3428af
generated: "2026-03-09T18:27:15.041691-04:00"
