dependencies:
- name: presidio
  repository: file://../presidio
  version: 6.1.0
- name: weaviate
  repository: https://weaviate.github.io/weaviate-helm
  version: 17.8.1
- name: embeddings
  repository: file://../embeddings
  version: 6.1.0
digest: sha256:e3e7cd0bbb84de800316e7aa3169041ceda3a163686e8011eb2466f61bdf09b3
generated: "2026-08-10T14:36:01.941075-04:00"
