dependencies:
- name: keycloak
  repository: file://../../keycloak/helm
  version: 0.2.5
- name: hoppscotch
  repository: file://../../hoppscotch/helm
  version: 0.1.3
- name: ai-gateway
  repository: file://../../ai-gateway/helm
  version: 0.3.4
digest: sha256:af7de9023b19855693d2a1906d7b57e41c0ad0692ca346c4f7c24620cc9653aa
generated: "2026-03-19T13:45:33.523836-04:00"
