dependencies:
- name: keycloak
  repository: file://../../keycloak/helm
  version: 0.2.5
- name: hoppscotch
  repository: file://../../hoppscotch/helm
  version: 0.1.3
- name: ai-gateway
  repository: file://../../ai-gateway/helm
  version: 0.3.6
digest: sha256:bbcf9e87a1a18cc9d8315f1c70c137de385808bc7f4b682354e01e0ec17c6494
generated: "2026-04-16T21:57:08.466158-04:00"
